
Microsoft Visual Studio Solution File, Format Version 11.00
# Visual Studio 2010
Project("{FAE04EC0-301F-11D3-BF4B-00C04F79EFBC}") = "Nyaml", "Nyaml\Nyaml.csproj", "{CAC59831-13FA-4478-B82A-DED3E08843F6}"
EndProject
Project("{FAE04EC0-301F-11D3-BF4B-00C04F79EFBC}") = "Nyaml.Tests", "Nyaml.Tests\Nyaml.Tests.csproj", "{BDAD8354-1C38-414F-AA24-A363C3C0A1E2}"
EndProject
Global
	GlobalSection(SolutionConfigurationPlatforms) = preSolution
		Debug|Any CPU = Debug|Any CPU
		Debug|Mixed Platforms = Debug|Mixed Platforms
		Debug|x86 = Debug|x86
		Release|Any CPU = Release|Any CPU
		Release|Mixed Platforms = Release|Mixed Platforms
		Release|x86 = Release|x86
	EndGlobalSection
	GlobalSection(ProjectConfigurationPlatforms) = postSolution
		{CAC59831-13FA-4478-B82A-DED3E08843F6}.Debug|Any CPU.ActiveCfg = Debug|Any CPU
		{CAC59831-13FA-4478-B82A-DED3E08843F6}.Debug|Any CPU.Build.0 = Debug|Any CPU
		{CAC59831-13FA-4478-B82A-DED3E08843F6}.Debug|Mixed Platforms.ActiveCfg = Debug|Any CPU
		{CAC59831-13FA-4478-B82A-DED3E08843F6}.Debug|Mixed Platforms.Build.0 = Debug|Any CPU
		{CAC59831-13FA-4478-B82A-DED3E08843F6}.Debug|x86.ActiveCfg = Debug|Any CPU
		{CAC59831-13FA-4478-B82A-DED3E08843F6}.Release|Any CPU.ActiveCfg = Release|Any CPU
		{CAC59831-13FA-4478-B82A-DED3E08843F6}.Release|Any CPU.Build.0 = Release|Any CPU
		{CAC59831-13FA-4478-B82A-DED3E08843F6}.Release|Mixed Platforms.ActiveCfg = Release|Any CPU
		{CAC59831-13FA-4478-B82A-DED3E08843F6}.Release|Mixed Platforms.Build.0 = Release|Any CPU
		{CAC59831-13FA-4478-B82A-DED3E08843F6}.Release|x86.ActiveCfg = Release|Any CPU
		{BDAD8354-1C38-414F-AA24-A363C3C0A1E2}.Debug|Any CPU.ActiveCfg = Debug|Any CPU
		{BDAD8354-1C38-414F-AA24-A363C3C0A1E2}.Debug|Any CPU.Build.0 = Debug|Any CPU
		{BDAD8354-1C38-414F-AA24-A363C3C0A1E2}.Debug|Mixed Platforms.ActiveCfg = Debug|Any CPU
		{BDAD8354-1C38-414F-AA24-A363C3C0A1E2}.Debug|Mixed Platforms.Build.0 = Debug|Any CPU
		{BDAD8354-1C38-414F-AA24-A363C3C0A1E2}.Debug|x86.ActiveCfg = Debug|Any CPU
		{BDAD8354-1C38-414F-AA24-A363C3C0A1E2}.Release|Any CPU.ActiveCfg = Release|Any CPU
		{BDAD8354-1C38-414F-AA24-A363C3C0A1E2}.Release|Any CPU.Build.0 = Release|Any CPU
		{BDAD8354-1C38-414F-AA24-A363C3C0A1E2}.Release|Mixed Platforms.ActiveCfg = Release|Any CPU
		{BDAD8354-1C38-414F-AA24-A363C3C0A1E2}.Release|Mixed Platforms.Build.0 = Release|Any CPU
		{BDAD8354-1C38-414F-AA24-A363C3C0A1E2}.Release|x86.ActiveCfg = Release|Any CPU
	EndGlobalSection
	GlobalSection(SolutionProperties) = preSolution
		HideSolutionNode = FALSE
	EndGlobalSection
EndGlobal
